// !$*UTF8*$!
{
	archiveVersion = 1;
	classes = {
	};
	objectVersion = 51;
	objects = {

/* Begin PBXBuildFile section */
		24EC548F247BD2C900419AB7 /* AppDelegate.swift in Sources */ = {isa = PBXBuildFile; fileRef = 24EC548E247BD2C900419AB7 /* AppDelegate.swift */; };
		24EC5491247BD2C900419AB7 /* SceneDelegate.swift in Sources */ = {isa = PBXBuildFile; fileRef = 24EC5490247BD2C900419AB7 /* SceneDelegate.swift */; };
		24EC5493247BD2C900419AB7 /* ViewController.swift in Sources */ = {isa = PBXBuildFile; fileRef = 24EC5492247BD2C900419AB7 /* ViewController.swift */; };
		24EC5496247BD2C900419AB7 /* Main.storyboard in Resources */ = {isa = PBXBuildFile; fileRef = 24EC5494247BD2C900419AB7 /* Main.storyboard */; };
		24EC5498247BD2CE00419AB7 /* Assets.xcassets in Resources */ = {isa = PBXBuildFile; fileRef = 24EC5497247BD2CE00419AB7 /* Assets.xcassets */; };
		24EC549B247BD2CE00419AB7 /* LaunchScreen.storyboard in Resources */ = {isa = PBXBuildFile; fileRef = 24EC5499247BD2CE00419AB7 /* LaunchScreen.storyboard */; };
		24EC54A5247E3DA500419AB7 /* CollectionViewController.swift in Sources */ = {isa = PBXBuildFile; fileRef = 24EC54A4247E3DA500419AB7 /* CollectionViewController.swift */; };
		24EC54A8247E3ECF00419AB7 /* Cell.swift in Sources */ = {isa = PBXBuildFile; fileRef = 24EC54A7247E3ECF00419AB7 /* Cell.swift */; };
		24EC54AA247E3EE000419AB7 /* Header.swift in Sources */ = {isa = PBXBuildFile; fileRef = 24EC54A9247E3EE000419AB7 /* Header.swift */; };
		24EC54AD247E735700419AB7 /* TableViewController.swift in Sources */ = {isa = PBXBuildFile; fileRef = 24EC54AC247E735700419AB7 /* TableViewController.swift */; };
		24EC54AF247E788F00419AB7 /* Repository.swift in Sources */ = {isa = PBXBuildFile; fileRef = 24EC54AE247E788F00419AB7 /* Repository.swift */; };
		24EC54B1247E78F700419AB7 /* ViewModel.swift in Sources */ = {isa = PBXBuildFile; fileRef = 24EC54B0247E78F700419AB7 /* ViewModel.swift */; };
		24EC54B3247E790500419AB7 /* APIProvider.swift in Sources */ = {isa = PBXBuildFile; fileRef = 24EC54B2247E790500419AB7 /* APIProvider.swift */; };
		D107D6E616A761E8F21A8A0F /* Pods_RxSwiftTest.framework in Frameworks */ = {isa = PBXBuildFile; fileRef = D3EE7CDF3D165CA67548EEAC /* Pods_RxSwiftTest.framework */; };
/* End PBXBuildFile section */

/* Begin PBXFileReference section */
		24EC548B247BD2C900419AB7 /* RxSwiftTest.app */ = {isa = PBXFileReference; explicitFileType = wrapper.application; includeInIndex = 0; path = RxSwiftTest.app; sourceTree = BUILT_PRODUCTS_DIR; };
		24EC548E247BD2C900419AB7 /* AppDelegate.swift */ = {isa = PBXFileReference; lastKnownFileType = sourcecode.swift; path = AppDelegate.swift; sourceTree = "<group>"; };
		24EC5490247BD2C900419AB7 /* SceneDelegate.swift */ = {isa = PBXFileReference; lastKnownFileType = sourcecode.swift; path = SceneDelegate.swift; sourceTree = "<group>"; };
		24EC5492247BD2C900419AB7 /* ViewController.swift */ = {isa = PBXFileReference; lastKnownFileType = sourcecode.swift; path = ViewController.swift; sourceTree = "<group>"; };
		24EC5495247BD2C900419AB7 /* Base */ = {isa = PBXFileReference; lastKnownFileType = file.storyboard; name = Base; path = Base.lproj/Main.storyboard; sourceTree = "<group>"; };
		24EC5497247BD2CE00419AB7 /* Assets.xcassets */ = {isa = PBXFileReference; lastKnownFileType = folder.assetcatalog; path = Assets.xcassets; sourceTree = "<group>"; };
		24EC549A247BD2CE00419AB7 /* Base */ = {isa = PBXFileReference; lastKnownFileType = file.storyboard; name = Base; path = Base.lproj/LaunchScreen.storyboard; sourceTree = "<group>"; };
		24EC549C247BD2CE00419AB7 /* Info.plist */ = {isa = PBXFileReference; lastKnownFileType = text.plist.xml; path = Info.plist; sourceTree = "<group>"; };
		24EC54A3247BD6FF00419AB7 /* RxSwiftTestPlayground.playground */ = {isa = PBXFileReference; lastKnownFileType = file.playground; path = RxSwiftTestPlayground.playground; sourceTree = "<group>"; xcLanguageSpecificationIdentifier = xcode.lang.swift; };
		24EC54A4247E3DA500419AB7 /* CollectionViewController.swift */ = {isa = PBXFileReference; lastKnownFileType = sourcecode.swift; path = CollectionViewController.swift; sourceTree = "<group>"; };
		24EC54A7247E3ECF00419AB7 /* Cell.swift */ = {isa = PBXFileReference; lastKnownFileType = sourcecode.swift; path = Cell.swift; sourceTree = "<group>"; };
		24EC54A9247E3EE000419AB7 /* Header.swift */ = {isa = PBXFileReference; lastKnownFileType = sourcecode.swift; path = Header.swift; sourceTree = "<group>"; };
		24EC54AC247E735700419AB7 /* TableViewController.swift */ = {isa = PBXFileReference; lastKnownFileType = sourcecode.swift; path = TableViewController.swift; sourceTree = "<group>"; };
		24EC54AE247E788F00419AB7 /* Repository.swift */ = {isa = PBXFileReference; lastKnownFileType = sourcecode.swift; path = Repository.swift; sourceTree = "<group>"; };
		24EC54B0247E78F700419AB7 /* ViewModel.swift */ = {isa = PBXFileReference; lastKnownFileType = sourcecode.swift; path = ViewModel.swift; sourceTree = "<group>"; };
		24EC54B2247E790500419AB7 /* APIProvider.swift */ = {isa = PBXFileReference; lastKnownFileType = sourcecode.swift; path = APIProvider.swift; sourceTree = "<group>"; };
		3BF4AB5941DB520351990960 /* Pods-RxSwiftTest.release.xcconfig */ = {isa = PBXFileReference; includeInIndex = 1; lastKnownFileType = text.xcconfig; name = "Pods-RxSwiftTest.release.xcconfig"; path = "Target Support Files/Pods-RxSwiftTest/Pods-RxSwiftTest.release.xcconfig"; sourceTree = "<group>"; };
		D3EE7CDF3D165CA67548EEAC /* Pods_RxSwiftTest.framework */ = {isa = PBXFileReference; explicitFileType = wrapper.framework; includeInIndex = 0; path = Pods_RxSwiftTest.framework; sourceTree = BUILT_PRODUCTS_DIR; };
		F53A57A8E09D1150A0D78EE3 /* Pods-RxSwiftTest.debug.xcconfig */ = {isa = PBXFileReference; includeInIndex = 1; lastKnownFileType = text.xcconfig; name = "Pods-RxSwiftTest.debug.xcconfig"; path = "Target Support Files/Pods-RxSwiftTest/Pods-RxSwiftTest.debug.xcconfig"; sourceTree = "<group>"; };
/* End PBXFileReference section */

/* Begin PBXFrameworksBuildPhase section */
		24EC5488247BD2C900419AB7 /* Frameworks */ = {
			isa = PBXFrameworksBuildPhase;
			buildActionMask = 2147483647;
			files = (
				D107D6E616A761E8F21A8A0F /* Pods_RxSwiftTest.framework in Frameworks */,
			);
			runOnlyForDeploymentPostprocessing = 0;
		};
/* End PBXFrameworksBuildPhase section */

/* Begin PBXGroup section */
		243556F72485076000A862F5 /* View */ = {
			isa = PBXGroup;
			children = (
				24EC54AC247E735700419AB7 /* TableViewController.swift */,
			);
			path = View;
			sourceTree = "<group>";
		};
		243556F82485076B00A862F5 /* Model */ = {
			isa = PBXGroup;
			children = (
				24EC54AE247E788F00419AB7 /* Repository.swift */,
			);
			path = Model;
			sourceTree = "<group>";
		};
		243556F92485077C00A862F5 /* ViewModel */ = {
			isa = PBXGroup;
			children = (
				24EC54B0247E78F700419AB7 /* ViewModel.swift */,
			);
			path = ViewModel;
			sourceTree = "<group>";
		};
		243556FA2485079500A862F5 /* NetworkProvider */ = {
			isa = PBXGroup;
			children = (
				24EC54B2247E790500419AB7 /* APIProvider.swift */,
			);
			path = NetworkProvider;
			sourceTree = "<group>";
		};
		24EC5482247BD2C900419AB7 = {
			isa = PBXGroup;
			children = (
				24EC54A3247BD6FF00419AB7 /* RxSwiftTestPlayground.playground */,
				24EC548D247BD2C900419AB7 /* RxSwiftTest */,
				24EC548C247BD2C900419AB7 /* Products */,
				64A4CF177E7736288FEBCB9F /* Pods */,
				D1EB285A092973DA8C6C0FB4 /* Frameworks */,
			);
			sourceTree = "<group>";
		};
		24EC548C247BD2C900419AB7 /* Products */ = {
			isa = PBXGroup;
			children = (
				24EC548B247BD2C900419AB7 /* RxSwiftTest.app */,
			);
			name = Products;
			sourceTree = "<group>";
		};
		24EC548D247BD2C900419AB7 /* RxSwiftTest */ = {
			isa = PBXGroup;
			children = (
				24EC548E247BD2C900419AB7 /* AppDelegate.swift */,
				24EC5490247BD2C900419AB7 /* SceneDelegate.swift */,
				24EC5492247BD2C900419AB7 /* ViewController.swift */,
				24EC54AB247E733000419AB7 /* TableViewController+Network */,
				24EC54A6247E3EB200419AB7 /* CollectionView */,
				24EC5494247BD2C900419AB7 /* Main.storyboard */,
				24EC5497247BD2CE00419AB7 /* Assets.xcassets */,
				24EC5499247BD2CE00419AB7 /* LaunchScreen.storyboard */,
				24EC549C247BD2CE00419AB7 /* Info.plist */,
			);
			path = RxSwiftTest;
			sourceTree = "<group>";
		};
		24EC54A6247E3EB200419AB7 /* CollectionView */ = {
			isa = PBXGroup;
			children = (
				24EC54A4247E3DA500419AB7 /* CollectionViewController.swift */,
				24EC54A7247E3ECF00419AB7 /* Cell.swift */,
				24EC54A9247E3EE000419AB7 /* Header.swift */,
			);
			path = CollectionView;
			sourceTree = "<group>";
		};
		24EC54AB247E733000419AB7 /* TableViewController+Network */ = {
			isa = PBXGroup;
			children = (
				243556FA2485079500A862F5 /* NetworkProvider */,
				243556F92485077C00A862F5 /* ViewModel */,
				243556F82485076B00A862F5 /* Model */,
				243556F72485076000A862F5 /* View */,
			);
			path = "TableViewController+Network";
			sourceTree = "<group>";
		};
		64A4CF177E7736288FEBCB9F /* Pods */ = {
			isa = PBXGroup;
			children = (
				F53A57A8E09D1150A0D78EE3 /* Pods-RxSwiftTest.debug.xcconfig */,
				3BF4AB5941DB520351990960 /* Pods-RxSwiftTest.release.xcconfig */,
			);
			path = Pods;
			sourceTree = "<group>";
		};
		D1EB285A092973DA8C6C0FB4 /* Frameworks */ = {
			isa = PBXGroup;
			children = (
				D3EE7CDF3D165CA67548EEAC /* Pods_RxSwiftTest.framework */,
			);
			name = Frameworks;
			sourceTree = "<group>";
		};
/* End PBXGroup section */

/* Begin PBXNativeTarget section */
		24EC548A247BD2C900419AB7 /* RxSwiftTest */ = {
			isa = PBXNativeTarget;
			buildConfigurationList = 24EC549F247BD2CE00419AB7 /* Build configuration list for PBXNativeTarget "RxSwiftTest" */;
			buildPhases = (
				B04FE6135BBA331B552138AC /* [CP] Check Pods Manifest.lock */,
				24EC5487247BD2C900419AB7 /* Sources */,
				24EC5488247BD2C900419AB7 /* Frameworks */,
				24EC5489247BD2C900419AB7 /* Resources */,
				A47B4BE3D7F8FDF97C6755B2 /* [CP] Embed Pods Frameworks */,
			);
			buildRules = (
			);
			dependencies = (
			);
			name = RxSwiftTest;
			productName = RxSwiftTest;
			productReference = 24EC548B247BD2C900419AB7 /* RxSwiftTest.app */;
			productType = "com.apple.product-type.application";
		};
/* End PBXNativeTarget section */

/* Begin PBXProject section */
		24EC5483247BD2C900419AB7 /* Project object */ = {
			isa = PBXProject;
			attributes = {
				LastSwiftUpdateCheck = 1140;
				LastUpgradeCheck = 1140;
				ORGANIZATIONNAME = "Abai Kalikov";
				TargetAttributes = {
					24EC548A247BD2C900419AB7 = {
						CreatedOnToolsVersion = 11.4.1;
					};
				};
			};
			buildConfigurationList = 24EC5486247BD2C900419AB7 /* Build configuration list for PBXProject "RxSwiftTest" */;
			compatibilityVersion = "Xcode 9.3";
			developmentRegion = en;
			hasScannedForEncodings = 0;
			knownRegions = (
				en,
				Base,
			);
			mainGroup = 24EC5482247BD2C900419AB7;
			productRefGroup = 24EC548C247BD2C900419AB7 /* Products */;
			projectDirPath = "";
			projectRoot = "";
			targets = (
				24EC548A247BD2C900419AB7 /* RxSwiftTest */,
			);
		};
/* End PBXProject section */

/* Begin PBXResourcesBuildPhase section */
		24EC5489247BD2C900419AB7 /* Resources */ = {
			isa = PBXResourcesBuildPhase;
			buildActionMask = 2147483647;
			files = (
				24EC549B247BD2CE00419AB7 /* LaunchScreen.storyboard in Resources */,
				24EC5498247BD2CE00419AB7 /* Assets.xcassets in Resources */,
				24EC5496247BD2C900419AB7 /* Main.storyboard in Resources */,
			);
			runOnlyForDeploymentPostprocessing = 0;
		};
/* End PBXResourcesBuildPhase section */

/* Begin PBXShellScriptBuildPhase section */
		A47B4BE3D7F8FDF97C6755B2 /* [CP] Embed Pods Frameworks */ = {
			isa = PBXShellScriptBuildPhase;
			buildActionMask = 2147483647;
			files = (
			);
			inputFileListPaths = (
				"${PODS_ROOT}/Target Support Files/Pods-RxSwiftTest/Pods-RxSwiftTest-frameworks-${CONFIGURATION}-input-files.xcfilelist",
			);
			name = "[CP] Embed Pods Frameworks";
			outputFileListPaths = (
				"${PODS_ROOT}/Target Support Files/Pods-RxSwiftTest/Pods-RxSwiftTest-frameworks-${CONFIGURATION}-output-files.xcfilelist",
			);
			runOnlyForDeploymentPostprocessing = 0;
			shellPath = /bin/sh;
			shellScript = "\"${PODS_ROOT}/Target Support Files/Pods-RxSwiftTest/Pods-RxSwiftTest-frameworks.sh\"\n";
			showEnvVarsInLog = 0;
		};
		B04FE6135BBA331B552138AC /* [CP] Check Pods Manifest.lock */ = {
			isa = PBXShellScriptBuildPhase;
			buildActionMask = 2147483647;
			files = (
			);
			inputFileListPaths = (
			);
			inputPaths = (
				"${PODS_PODFILE_DIR_PATH}/Podfile.lock",
				"${PODS_ROOT}/Manifest.lock",
			);
			name = "[CP] Check Pods Manifest.lock";
			outputFileListPaths = (
			);
			outputPaths = (
				"$(DERIVED_FILE_DIR)/Pods-RxSwiftTest-checkManifestLockResult.txt",
			);
			runOnlyForDeploymentPostprocessing = 0;
			shellPath = /bin/sh;
			shellScript = "diff \"${PODS_PODFILE_DIR_PATH}/Podfile.lock\" \"${PODS_ROOT}/Manifest.lock\" > /dev/null\nif [ $? != 0 ] ; then\n    # print error to STDERR\n    echo \"error: The sandbox is not in sync with the Podfile.lock. Run 'pod install' or update your CocoaPods installation.\" >&2\n    exit 1\nfi\n# This output is used by Xcode 'outputs' to avoid re-running this script phase.\necho \"SUCCESS\" > \"${SCRIPT_OUTPUT_FILE_0}\"\n";
			showEnvVarsInLog = 0;
		};
/* End PBXShellScriptBuildPhase section */

/* Begin PBXSourcesBuildPhase section */
		24EC5487247BD2C900419AB7 /* Sources */ = {
			isa = PBXSourcesBuildPhase;
			buildActionMask = 2147483647;
			files = (
				24EC54A5247E3DA500419AB7 /* CollectionViewController.swift in Sources */,
				24EC54B1247E78F700419AB7 /* ViewModel.swift in Sources */,
				24EC54AD247E735700419AB7 /* TableViewController.swift in Sources */,
				24EC5493247BD2C900419AB7 /* ViewController.swift in Sources */,
				24EC54AF247E788F00419AB7 /* Repository.swift in Sources */,
				24EC54A8247E3ECF00419AB7 /* Cell.swift in Sources */,
				24EC548F247BD2C900419AB7 /* AppDelegate.swift in Sources */,
				24EC54B3247E790500419AB7 /* APIProvider.swift in Sources */,
				24EC54AA247E3EE000419AB7 /* Header.swift in Sources */,
				24EC5491247BD2C900419AB7 /* SceneDelegate.swift in Sources */,
			);
			runOnlyForDeploymentPostprocessing = 0;
		};
/* End PBXSourcesBuildPhase section */

/* Begin PBXVariantGroup section */
		24EC5494247BD2C900419AB7 /* Main.storyboard */ = {
			isa = PBXVariantGroup;
			children = (
				24EC5495247BD2C900419AB7 /* Base */,
			);
			name = Main.storyboard;
			sourceTree = "<group>";
		};
		24EC5499247BD2CE00419AB7 /* LaunchScreen.storyboard */ = {
			isa = PBXVariantGroup;
			children = (
				24EC549A247BD2CE00419AB7 /* Base */,
			);
			name = LaunchScreen.storyboard;
			sourceTree = "<group>";
		};
/* End PBXVariantGroup section */

/* Begin XCBuildConfiguration section */
		24EC549D247BD2CE00419AB7 /* Debug */ = {
			isa = XCBuildConfiguration;
			buildSettings = {
				ALWAYS_SEARCH_USER_PATHS = NO;
				CLANG_ANALYZER_NONNULL = YES;
				CLANG_ANALYZER_NUMBER_OBJECT_CONVERSION = YES_AGGRESSIVE;
				CLANG_CXX_LANGUAGE_STANDARD = "gnu++14";
				CLANG_CXX_LIBRARY = "libc++";
				CLANG_ENABLE_MODULES = YES;
				CLANG_ENABLE_OBJC_ARC = YES;
				CLANG_ENABLE_OBJC_WEAK = YES;
				CLANG_WARN_BLOCK_CAPTURE_AUTORELEASING = YES;
				CLANG_WARN_BOOL_CONVERSION = YES;
				CLANG_WARN_COMMA = YES;
				CLANG_WARN_CONSTANT_CONVERSION = YES;
				CLANG_WARN_DEPRECATED_OBJC_IMPLEMENTATIONS = YES;
				CLANG_WARN_DIRECT_OBJC_ISA_USAGE = YES_ERROR;
				CLANG_WARN_DOCUMENTATION_COMMENTS = YES;
				CLANG_WARN_EMPTY_BODY = YES;
				CLANG_WARN_ENUM_CONVERSION = YES;
				CLANG_WARN_INFINITE_RECURSION = YES;
				CLANG_WARN_INT_CONVERSION = YES;
				CLANG_WARN_NON_LITERAL_NULL_CONVERSION = YES;
				CLANG_WARN_OBJC_IMPLICIT_RETAIN_SELF = YES;
				CLANG_WARN_OBJC_LITERAL_CONVERSION = YES;
				CLANG_WARN_OBJC_ROOT_CLASS = YES_ERROR;
				CLANG_WARN_RANGE_LOOP_ANALYSIS = YES;
				CLANG_WARN_STRICT_PROTOTYPES = YES;
				CLANG_WARN_SUSPICIOUS_MOVE = YES;
				CLANG_WARN_UNGUARDED_AVAILABILITY = YES_AGGRESSIVE;
				CLANG_WARN_UNREACHABLE_CODE = YES;
				CLANG_WARN__DUPLICATE_METHOD_MATCH = YES;
				COPY_PHASE_STRIP = NO;
				DEBUG_INFORMATION_FORMAT = dwarf;
				ENABLE_STRICT_OBJC_MSGSEND = YES;
				ENABLE_TESTABILITY = YES;
				GCC_C_LANGUAGE_STANDARD = gnu11;
				GCC_DYNAMIC_NO_PIC = NO;
				GCC_NO_COMMON_BLOCKS = YES;
				GCC_OPTIMIZATION_LEVEL = 0;
				GCC_PREPROCESSOR_DEFINITIONS = (
					"DEBUG=1",
					"$(inherited)",
				);
				GCC_WARN_64_TO_32_BIT_CONVERSION = YES;
				GCC_WARN_ABOUT_RETURN_TYPE = YES_ERROR;
				GCC_WARN_UNDECLARED_SELECTOR = YES;
				GCC_WARN_UNINITIALIZED_AUTOS = YES_AGGRESSIVE;
				GCC_WARN_UNUSED_FUNCTION = YES;
				GCC_WARN_UNUSED_VARIABLE = YES;
				IPHONEOS_DEPLOYMENT_TARGET = 13.4;
				MTL_ENABLE_DEBUG_INFO = INCLUDE_SOURCE;
				MTL_FAST_MATH = YES;
				ONLY_ACTIVE_ARCH = YES;
				SDKROOT = iphoneos;
				SWIFT_ACTIVE_COMPILATION_CONDITIONS = DEBUG;
				SWIFT_OPTIMIZATION_LEVEL = "-Onone";
			};
			name = Debug;
		};
		24EC549E247BD2CE00419AB7 /* Release */ = {
			isa = XCBuildConfiguration;
			buildSettings = {
				ALWAYS_SEARCH_USER_PATHS = NO;
				CLANG_ANALYZER_NONNULL = YES;
				CLANG_ANALYZER_NUMBER_OBJECT_CONVERSION = YES_AGGRESSIVE;
				CLANG_CXX_LANGUAGE_STANDARD = "gnu++14";
				CLANG_CXX_LIBRARY = "libc++";
				CLANG_ENABLE_MODULES = YES;
				CLANG_ENABLE_OBJC_ARC = YES;
				CLANG_ENABLE_OBJC_WEAK = YES;
				CLANG_WARN_BLOCK_CAPTURE_AUTORELEASING = YES;
				CLANG_WARN_BOOL_CONVERSION = YES;
				CLANG_WARN_COMMA = YES;
				CLANG_WARN_CONSTANT_CONVERSION = YES;
				CLANG_WARN_DEPRECATED_OBJC_IMPLEMENTATIONS = YES;
				CLANG_WARN_DIRECT_OBJC_ISA_USAGE = YES_ERROR;
				CLANG_WARN_DOCUMENTATION_COMMENTS = YES;
				CLANG_WARN_EMPTY_BODY = YES;
				CLANG_WARN_ENUM_CONVERSION = YES;
				CLANG_WARN_INFINITE_RECURSION = YES;
				CLANG_WARN_INT_CONVERSION = YES;
				CLANG_WARN_NON_LITERAL_NULL_CONVERSION = YES;
				CLANG_WARN_OBJC_IMPLICIT_RETAIN_SELF = YES;
				CLANG_WARN_OBJC_LITERAL_CONVERSION = YES;
				CLANG_WARN_OBJC_ROOT_CLASS = YES_ERROR;
				CLANG_WARN_RANGE_LOOP_ANALYSIS = YES;
				CLANG_WARN_STRICT_PROTOTYPES = YES;
				CLANG_WARN_SUSPICIOUS_MOVE = YES;
				CLANG_WARN_UNGUARDED_AVAILABILITY = YES_AGGRESSIVE;
				CLANG_WARN_UNREACHABLE_CODE = YES;
				CLANG_WARN__DUPLICATE_METHOD_MATCH = YES;
				COPY_PHASE_STRIP = NO;
				DEBUG_INFORMATION_FORMAT = "dwarf-with-dsym";
				ENABLE_NS_ASSERTIONS = NO;
				ENABLE_STRICT_OBJC_MSGSEND = YES;
				GCC_C_LANGUAGE_STANDARD = gnu11;
				GCC_NO_COMMON_BLOCKS = YES;
				GCC_WARN_64_TO_32_BIT_CONVERSION = YES;
				GCC_WARN_ABOUT_RETURN_TYPE = YES_ERROR;
				GCC_WARN_UNDECLARED_SELECTOR = YES;
				GCC_WARN_UNINITIALIZED_AUTOS = YES_AGGRESSIVE;
				GCC_WARN_UNUSED_FUNCTION = YES;
				GCC_WARN_UNUSED_VARIABLE = YES;
				IPHONEOS_DEPLOYMENT_TARGET = 13.4;
				MTL_ENABLE_DEBUG_INFO = NO;
				MTL_FAST_MATH = YES;
				SDKROOT = iphoneos;
				SWIFT_COMPILATION_MODE = wholemodule;
				SWIFT_OPTIMIZATION_LEVEL = "-O";
				VALIDATE_PRODUCT = YES;
			};
			name = Release;
		};
		24EC54A0247BD2CE00419AB7 /* Debug */ = {
			isa = XCBuildConfiguration;
			baseConfigurationReference = F53A57A8E09D1150A0D78EE3 /* Pods-RxSwiftTest.debug.xcconfig */;
			buildSettings = {
				ASSETCATALOG_COMPILER_APPICON_NAME = AppIcon;
				CODE_SIGN_STYLE = Automatic;
				DEVELOPMENT_TEAM = 67LMNA65RA;
				INFOPLIST_FILE = RxSwiftTest/Info.plist;
				LD_RUNPATH_SEARCH_PATHS = (
					"$(inherited)",
					"@executable_path/Frameworks",
				);
				PRODUCT_BUNDLE_IDENTIFIER = Abay.RxSwiftTest;
				PRODUCT_NAME = "$(TARGET_NAME)";
				SWIFT_VERSION = 5.0;
				TARGETED_DEVICE_FAMILY = "1,2";
			};
			name = Debug;
		};
		24EC54A1247BD2CE00419AB7 /* Release */ = {
			isa = XCBuildConfiguration;
			baseConfigurationReference = 3BF4AB5941DB520351990960 /* Pods-RxSwiftTest.release.xcconfig */;
			buildSettings = {
				ASSETCATALOG_COMPILER_APPICON_NAME = AppIcon;
				CODE_SIGN_STYLE = Automatic;
				DEVELOPMENT_TEAM = 67LMNA65RA;
				INFOPLIST_FILE = RxSwiftTest/Info.plist;
				LD_RUNPATH_SEARCH_PATHS = (
					"$(inherited)",
					"@executable_path/Frameworks",
				);
				PRODUCT_BUNDLE_IDENTIFIER = Abay.RxSwiftTest;
				PRODUCT_NAME = "$(TARGET_NAME)";
				SWIFT_VERSION = 5.0;
				TARGETED_DEVICE_FAMILY = "1,2";
			};
			name = Release;
		};
/* End XCBuildConfiguration section */

/* Begin XCConfigurationList section */
		24EC5486247BD2C900419AB7 /* Build configuration list for PBXProject "RxSwiftTest" */ = {
			isa = XCConfigurationList;
			buildConfigurations = (
				24EC549D247BD2CE00419AB7 /* Debug */,
				24EC549E247BD2CE00419AB7 /* Release */,
			);
			defaultConfigurationIsVisible = 0;
			defaultConfigurationName = Release;
		};
		24EC549F247BD2CE00419AB7 /* Build configuration list for PBXNativeTarget "RxSwiftTest" */ = {
			isa = XCConfigurationList;
			buildConfigurations = (
				24EC54A0247BD2CE00419AB7 /* Debug */,
				24EC54A1247BD2CE00419AB7 /* Release */,
			);
			defaultConfigurationIsVisible = 0;
			defaultConfigurationName = Release;
		};
/* End XCConfigurationList section */
	};
	rootObject = 24EC5483247BD2C900419AB7 /* Project object */;
}
